
Microsoft Visual Studio Solution File, Format Version 12.00
# Visual Studio 15
Project("{FAE04EC0-301F-11D3-BF4B-00C04F79EFBC}") = "Assembly-CSharp", "Assembly-CSharp.csproj", "{4F8D4B8D-A323-BE0B-B290-A57C64F679B6}"
EndProject
Project("{FAE04EC0-301F-11D3-BF4B-00C04F79EFBC}") = "Assembly-CSharp-firstpass", "Assembly-CSharp-firstpass.csproj", "{FBA64E41-FBEA-22D5-0DC8-DAC4A7B757E7}"
EndProject
Project("{FAE04EC0-301F-11D3-BF4B-00C04F79EFBC}") = "Assembly-CSharp-Editor", "Assembly-CSharp-Editor.csproj", "{5E917309-003F-A9F1-4861-F6BE5A3536C1}"
EndProject
Global
	GlobalSection(SolutionConfigurationPlatforms) = preSolution
		Debug|Any CPU = Debug|Any CPU
		Release|Any CPU = Release|Any CPU
	EndGlobalSection
	GlobalSection(ProjectConfigurationPlatforms) = postSolution
		{4F8D4B8D-A323-BE0B-B290-A57C64F679B6}.Debug|Any CPU.ActiveCfg = Debug|Any CPU
		{4F8D4B8D-A323-BE0B-B290-A57C64F679B6}.Debug|Any CPU.Build.0 = Debug|Any CPU
		{4F8D4B8D-A323-BE0B-B290-A57C64F679B6}.Release|Any CPU.ActiveCfg = Release|Any CPU
		{4F8D4B8D-A323-BE0B-B290-A57C64F679B6}.Release|Any CPU.Build.0 = Release|Any CPU
		{FBA64E41-FBEA-22D5-0DC8-DAC4A7B757E7}.Debug|Any CPU.ActiveCfg = Debug|Any CPU
		{FBA64E41-FBEA-22D5-0DC8-DAC4A7B757E7}.Debug|Any CPU.Build.0 = Debug|Any CPU
		{FBA64E41-FBEA-22D5-0DC8-DAC4A7B757E7}.Release|Any CPU.ActiveCfg = Release|Any CPU
		{FBA64E41-FBEA-22D5-0DC8-DAC4A7B757E7}.Release|Any CPU.Build.0 = Release|Any CPU
		{5E917309-003F-A9F1-4861-F6BE5A3536C1}.Debug|Any CPU.ActiveCfg = Debug|Any CPU
		{5E917309-003F-A9F1-4861-F6BE5A3536C1}.Debug|Any CPU.Build.0 = Debug|Any CPU
		{5E917309-003F-A9F1-4861-F6BE5A3536C1}.Release|Any CPU.ActiveCfg = Release|Any CPU
		{5E917309-003F-A9F1-4861-F6BE5A3536C1}.Release|Any CPU.Build.0 = Release|Any CPU
	EndGlobalSection
	GlobalSection(SolutionProperties) = preSolution
		HideSolutionNode = FALSE
	EndGlobalSection
EndGlobal
